
Microsoft Visual Studio Solution File, Format Version 12.00
# Visual Studio 15
VisualStudioVersion = 15.0.27703.2000
MinimumVisualStudioVersion = 10.0.40219.1
Project("{FAE04EC0-301F-11D3-BF4B-00C04F79EFBC}") = "Vidly", "Vidly\Vidly.csproj", "{28F6DD0D-2267-4A89-ACCF-367F57E00BED}"
EndProject
Global
	GlobalSection(SolutionConfigurationPlatforms) = preSolution
		Debug|Any CPU = Debug|Any CPU
		Release|Any CPU = Release|Any CPU
	EndGlobalSection
	GlobalSection(ProjectConfigurationPlatforms) = postSolution
		{28F6DD0D-2267-4A89-ACCF-367F57E00BED}.Debug|Any CPU.ActiveCfg = Debug|Any CPU
		{28F6DD0D-2267-4A89-ACCF-367F57E00BED}.Debug|Any CPU.Build.0 = Debug|Any CPU
		{28F6DD0D-2267-4A89-ACCF-367F57E00BED}.Release|Any CPU.ActiveCfg = Release|Any CPU
		{28F6DD0D-2267-4A89-ACCF-367F57E00BED}.Release|Any CPU.Build.0 = Release|Any CPU
	EndGlobalSection
	GlobalSection(SolutionProperties) = preSolution
		HideSolutionNode = FALSE
	EndGlobalSection
	GlobalSection(ExtensibilityGlobals) = postSolution
		SolutionGuid = {3109B4AD-789C-4784-B9EF-74F593917EF9}
	EndGlobalSection
EndGlobal
